// !$*UTF8*$!
{
	archiveVersion = 1;
	classes = {
	};
	objectVersion = 46;
	objects = {

/* Begin PBXBuildFile section */
		2207F50216243A2D00CFBBD2 /* MainStoryboard.storyboard in Resources */ = {isa = PBXBuildFile; fileRef = 2207F50016243A2D00CFBBD2 /* MainStoryboard.storyboard */; };
		222342761615779E00978AF5 /* smileyBackground.jpg in Resources */ = {isa = PBXBuildFile; fileRef = 222342751615779E00978AF5 /* smileyBackground.jpg */; };
		22345E6F16147FD000CC12FD /* 2730-57x57x32.png in Resources */ = {isa = PBXBuildFile; fileRef = 22345E6E16147FD000CC12FD /* 2730-57x57x32.png */; };
		22345E7116147FD700CC12FD /* icon_114x114_trans.png in Resources */ = {isa = PBXBuildFile; fileRef = 22345E7016147FD700CC12FD /* icon_114x114_trans.png */; };
		2248FDF91601A061001E4718 /* UIKit.framework in Frameworks */ = {isa = PBXBuildFile; fileRef = 2248FDF81601A061001E4718 /* UIKit.framework */; };
		2248FDFB1601A061001E4718 /* Foundation.framework in Frameworks */ = {isa = PBXBuildFile; fileRef = 2248FDFA1601A061001E4718 /* Foundation.framework */; };
		2248FDFD1601A061001E4718 /* CoreGraphics.framework in Frameworks */ = {isa = PBXBuildFile; fileRef = 2248FDFC1601A061001E4718 /* CoreGraphics.framework */; };
		2248FE031601A061001E4718 /* InfoPlist.strings in Resources */ = {isa = PBXBuildFile; fileRef = 2248FE011601A061001E4718 /* InfoPlist.strings */; };
		2248FE051601A061001E4718 /* main.m in Sources */ = {isa = PBXBuildFile; fileRef = 2248FE041601A061001E4718 /* main.m */; };
		2248FE091601A061001E4718 /* TheHelperAppDelegate.m in Sources */ = {isa = PBXBuildFile; fileRef = 2248FE081601A061001E4718 /* TheHelperAppDelegate.m */; };
		2248FE111601A061001E4718 /* first.png in Resources */ = {isa = PBXBuildFile; fileRef = 2248FE101601A061001E4718 /* first.png */; };
		2248FE131601A061001E4718 /* first@2x.png in Resources */ = {isa = PBXBuildFile; fileRef = 2248FE121601A061001E4718 /* first@2x.png */; };
		2248FE181601A061001E4718 /* second.png in Resources */ = {isa = PBXBuildFile; fileRef = 2248FE171601A061001E4718 /* second.png */; };
		2248FE1A1601A061001E4718 /* second@2x.png in Resources */ = {isa = PBXBuildFile; fileRef = 2248FE191601A061001E4718 /* second@2x.png */; };
		2248FE221601A062001E4718 /* SenTestingKit.framework in Frameworks */ = {isa = PBXBuildFile; fileRef = 2248FE211601A062001E4718 /* SenTestingKit.framework */; };
		2248FE231601A062001E4718 /* UIKit.framework in Frameworks */ = {isa = PBXBuildFile; fileRef = 2248FDF81601A061001E4718 /* UIKit.framework */; };
		2248FE241601A062001E4718 /* Foundation.framework in Frameworks */ = {isa = PBXBuildFile; fileRef = 2248FDFA1601A061001E4718 /* Foundation.framework */; };
		2248FE2C1601A062001E4718 /* InfoPlist.strings in Resources */ = {isa = PBXBuildFile; fileRef = 2248FE2A1601A062001E4718 /* InfoPlist.strings */; };
		2248FE2F1601A062001E4718 /* The_HelperTests.m in Sources */ = {isa = PBXBuildFile; fileRef = 2248FE2E1601A062001E4718 /* The_HelperTests.m */; };
		2248FE3E1601B2CC001E4718 /* EmiResultViewController.m in Sources */ = {isa = PBXBuildFile; fileRef = 2248FE3D1601B2CC001E4718 /* EmiResultViewController.m */; };
		22546F4E1626802F00FCD8DF /* EmiCalculatorClass.m in Sources */ = {isa = PBXBuildFile; fileRef = 22546F4D1626802F00FCD8DF /* EmiCalculatorClass.m */; };
		2264FBFB1601BACC00517600 /* TipResultViewController.m in Sources */ = {isa = PBXBuildFile; fileRef = 2264FBFA1601BACC00517600 /* TipResultViewController.m */; };
		228A51F516252C1600DE89AF /* calculator.png in Resources */ = {isa = PBXBuildFile; fileRef = 228A51F416252C1600DE89AF /* calculator.png */; };
		228A51F716252D5A00DE89AF /* icon 144x144.png in Resources */ = {isa = PBXBuildFile; fileRef = 228A51F616252D5A00DE89AF /* icon 144x144.png */; };
		228A51F916252DB300DE89AF /* Default-Portrait~ipad.png in Resources */ = {isa = PBXBuildFile; fileRef = 228A51F816252DB300DE89AF /* Default-Portrait~ipad.png */; };
		228F33D1161452AF00CDA184 /* 192-credit-card.png in Resources */ = {isa = PBXBuildFile; fileRef = 228F33D0161452AF00CDA184 /* 192-credit-card.png */; };
		228F33D3161452C900CDA184 /* 119-piggy-bank.png in Resources */ = {isa = PBXBuildFile; fileRef = 228F33D2161452C900CDA184 /* 119-piggy-bank.png */; };
		2290A4F416098C0D0063D30E /* EmiViewController.m in Sources */ = {isa = PBXBuildFile; fileRef = 2290A4F116098C0D0063D30E /* EmiViewController.m */; };
		2290A4F516098C0D0063D30E /* TipViewController.m in Sources */ = {isa = PBXBuildFile; fileRef = 2290A4F316098C0D0063D30E /* TipViewController.m */; };
		2290A4FA16098C860063D30E /* constants.m in Sources */ = {isa = PBXBuildFile; fileRef = 2290A4F716098C860063D30E /* constants.m */; };
		2295DF651619648E0093809D /* Default.png in Resources */ = {isa = PBXBuildFile; fileRef = 2295DF641619648E0093809D /* Default.png */; };
		2295DF68161964EF0093809D /* Default@2x.png in Resources */ = {isa = PBXBuildFile; fileRef = 2295DF67161964EF0093809D /* Default@2x.png */; };
		2295DF6A161965220093809D /* Default-568h@2x.png in Resources */ = {isa = PBXBuildFile; fileRef = 2295DF69161965220093809D /* Default-568h@2x.png */; };
		22E68646160AE52600D706E8 /* background.jpg in Resources */ = {isa = PBXBuildFile; fileRef = 22E68645160AE52600D706E8 /* background.jpg */; };
		22E68648160AE53A00D706E8 /* indian rupee black.gif in Resources */ = {isa = PBXBuildFile; fileRef = 22E68647160AE53A00D706E8 /* indian rupee black.gif */; };
		22E6864A160AE54600D706E8 /* happysmiley.jpg in Resources */ = {isa = PBXBuildFile; fileRef = 22E68649160AE54600D706E8 /* happysmiley.jpg */; };
		22E6864C160AE55100D706E8 /* sadsmiley.jpg in Resources */ = {isa = PBXBuildFile; fileRef = 22E6864B160AE55100D706E8 /* sadsmiley.jpg */; };
/* End PBXBuildFile section */

/* Begin PBXContainerItemProxy section */
		2248FE251601A062001E4718 /* PBXContainerItemProxy */ = {
			isa = PBXContainerItemProxy;
			containerPortal = 2248FDEB1601A061001E4718 /* Project object */;
			proxyType = 1;
			remoteGlobalIDString = 2248FDF31601A061001E4718;
			remoteInfo = "The Helper";
		};
/* End PBXContainerItemProxy section */

/* Begin PBXFileReference section */
		2207F50116243A2D00CFBBD2 /* en */ = {isa = PBXFileReference; lastKnownFileType = file.storyboard; name = en; path = "The Helper/en.lproj/MainStoryboard.storyboard"; sourceTree = "<group>"; };
		222342751615779E00978AF5 /* smileyBackground.jpg */ = {isa = PBXFileReference; lastKnownFileType = image.jpeg; path = smileyBackground.jpg; sourceTree = "<group>"; };
		22345E6E16147FD000CC12FD /* 2730-57x57x32.png */ = {isa = PBXFileReference; lastKnownFileType = image.png; path = "2730-57x57x32.png"; sourceTree = "<group>"; };
		22345E7016147FD700CC12FD /* icon_114x114_trans.png */ = {isa = PBXFileReference; lastKnownFileType = image.png; path = icon_114x114_trans.png; sourceTree = "<group>"; };
		2248FDF41601A061001E4718 /* The Helper.app */ = {isa = PBXFileReference; explicitFileType = wrapper.application; includeInIndex = 0; path = "The Helper.app"; sourceTree = BUILT_PRODUCTS_DIR; };
		2248FDF81601A061001E4718 /* UIKit.framework */ = {isa = PBXFileReference; lastKnownFileType = wrapper.framework; name = UIKit.framework; path = Library/Frameworks/UIKit.framework; sourceTree = DEVELOPER_DIR; };
		2248FDFA1601A061001E4718 /* Foundation.framework */ = {isa = PBXFileReference; lastKnownFileType = wrapper.framework; name = Foundation.framework; path = Library/Frameworks/Foundation.framework; sourceTree = DEVELOPER_DIR; };
		2248FDFC1601A061001E4718 /* CoreGraphics.framework */ = {isa = PBXFileReference; lastKnownFileType = wrapper.framework; name = CoreGraphics.framework; path = Library/Frameworks/CoreGraphics.framework; sourceTree = DEVELOPER_DIR; };
		2248FE001601A061001E4718 /* The Helper-Info.plist */ = {isa = PBXFileReference; lastKnownFileType = text.plist.xml; path = "The Helper-Info.plist"; sourceTree = "<group>"; };
		2248FE021601A061001E4718 /* en */ = {isa = PBXFileReference; lastKnownFileType = text.plist.strings; name = en; path = en.lproj/InfoPlist.strings; sourceTree = "<group>"; };
		2248FE041601A061001E4718 /* main.m */ = {isa = PBXFileReference; lastKnownFileType = sourcecode.c.objc; path = main.m; sourceTree = "<group>"; };
		2248FE061601A061001E4718 /* The Helper-Prefix.pch */ = {isa = PBXFileReference; lastKnownFileType = sourcecode.c.h; path = "The Helper-Prefix.pch"; sourceTree = "<group>"; };
		2248FE071601A061001E4718 /* TheHelperAppDelegate.h */ = {isa = PBXFileReference; lastKnownFileType = sourcecode.c.h; path = TheHelperAppDelegate.h; sourceTree = "<group>"; };
		2248FE081601A061001E4718 /* TheHelperAppDelegate.m */ = {isa = PBXFileReference; lastKnownFileType = sourcecode.c.objc; path = TheHelperAppDelegate.m; sourceTree = "<group>"; };
		2248FE101601A061001E4718 /* first.png */ = {isa = PBXFileReference; lastKnownFileType = image.png; path = first.png; sourceTree = "<group>"; };
		2248FE121601A061001E4718 /* first@2x.png */ = {isa = PBXFileReference; lastKnownFileType = image.png; path = "first@2x.png"; sourceTree = "<group>"; };
		2248FE171601A061001E4718 /* second.png */ = {isa = PBXFileReference; lastKnownFileType = image.png; path = second.png; sourceTree = "<group>"; };
		2248FE191601A061001E4718 /* second@2x.png */ = {isa = PBXFileReference; lastKnownFileType = image.png; path = "second@2x.png"; sourceTree = "<group>"; };
		2248FE201601A062001E4718 /* The HelperTests.octest */ = {isa = PBXFileReference; explicitFileType = wrapper.cfbundle; includeInIndex = 0; path = "The HelperTests.octest"; sourceTree = BUILT_PRODUCTS_DIR; };
		2248FE211601A062001E4718 /* SenTestingKit.framework */ = {isa = PBXFileReference; lastKnownFileType = wrapper.framework; name = SenTestingKit.framework; path = Library/Frameworks/SenTestingKit.framework; sourceTree = DEVELOPER_DIR; };
		2248FE291601A062001E4718 /* The HelperTests-Info.plist */ = {isa = PBXFileReference; lastKnownFileType = text.plist.xml; path = "The HelperTests-Info.plist"; sourceTree = "<group>"; };
		2248FE2B1601A062001E4718 /* en */ = {isa = PBXFileReference; lastKnownFileType = text.plist.strings; name = en; path = en.lproj/InfoPlist.strings; sourceTree = "<group>"; };
		2248FE2D1601A062001E4718 /* The_HelperTests.h */ = {isa = PBXFileReference; lastKnownFileType = sourcecode.c.h; path = The_HelperTests.h; sourceTree = "<group>"; };
		2248FE2E1601A062001E4718 /* The_HelperTests.m */ = {isa = PBXFileReference; lastKnownFileType = sourcecode.c.objc; path = The_HelperTests.m; sourceTree = "<group>"; };
		2248FE3C1601B2CC001E4718 /* EmiResultViewController.h */ = {isa = PBXFileReference; fileEncoding = 4; lastKnownFileType = sourcecode.c.h; name = EmiResultViewController.h; path = "The Helper/EmiResultViewController.h"; sourceTree = "<group>"; };
		2248FE3D1601B2CC001E4718 /* EmiResultViewController.m */ = {isa = PBXFileReference; fileEncoding = 4; lastKnownFileType = sourcecode.c.objc; name = EmiResultViewController.m; path = "The Helper/EmiResultViewController.m"; sourceTree = "<group>"; };
		22546F4C1626802F00FCD8DF /* EmiCalculatorClass.h */ = {isa = PBXFileReference; fileEncoding = 4; lastKnownFileType = sourcecode.c.h; path = EmiCalculatorClass.h; sourceTree = "<group>"; };
		22546F4D1626802F00FCD8DF /* EmiCalculatorClass.m */ = {isa = PBXFileReference; fileEncoding = 4; lastKnownFileType = sourcecode.c.objc; path = EmiCalculatorClass.m; sourceTree = "<group>"; };
		2264FBF91601BACC00517600 /* TipResultViewController.h */ = {isa = PBXFileReference; fileEncoding = 4; lastKnownFileType = sourcecode.c.h; name = TipResultViewController.h; path = "The Helper/TipResultViewController.h"; sourceTree = "<group>"; };
		2264FBFA1601BACC00517600 /* TipResultViewController.m */ = {isa = PBXFileReference; fileEncoding = 4; lastKnownFileType = sourcecode.c.objc; name = TipResultViewController.m; path = "The Helper/TipResultViewController.m"; sourceTree = "<group>"; };
		228A51F416252C1600DE89AF /* calculator.png */ = {isa = PBXFileReference; lastKnownFileType = image.png; path = calculator.png; sourceTree = "<group>"; };
		228A51F616252D5A00DE89AF /* icon 144x144.png */ = {isa = PBXFileReference; lastKnownFileType = image.png; path = "icon 144x144.png"; sourceTree = "<group>"; };
		228A51F816252DB300DE89AF /* Default-Portrait~ipad.png */ = {isa = PBXFileReference; lastKnownFileType = image.png; path = "Default-Portrait~ipad.png"; sourceTree = "<group>"; };
		228F33D0161452AF00CDA184 /* 192-credit-card.png */ = {isa = PBXFileReference; lastKnownFileType = image.png; name = "192-credit-card.png"; path = "The Helper/192-credit-card.png"; sourceTree = "<group>"; };
		228F33D2161452C900CDA184 /* 119-piggy-bank.png */ = {isa = PBXFileReference; lastKnownFileType = image.png; name = "119-piggy-bank.png"; path = "The Helper/119-piggy-bank.png"; sourceTree = "<group>"; };
		2290A4F016098C0D0063D30E /* EmiViewController.h */ = {isa = PBXFileReference; fileEncoding = 4; lastKnownFileType = sourcecode.c.h; name = EmiViewController.h; path = "The Helper/EmiViewController.h"; sourceTree = "<group>"; };
		2290A4F116098C0D0063D30E /* EmiViewController.m */ = {isa = PBXFileReference; fileEncoding = 4; lastKnownFileType = sourcecode.c.objc; name = EmiViewController.m; path = "The Helper/EmiViewController.m"; sourceTree = "<group>"; };
		2290A4F216098C0D0063D30E /* TipViewController.h */ = {isa = PBXFileReference; fileEncoding = 4; lastKnownFileType = sourcecode.c.h; name = TipViewController.h; path = "The Helper/TipViewController.h"; sourceTree = "<group>"; };
		2290A4F316098C0D0063D30E /* TipViewController.m */ = {isa = PBXFileReference; fileEncoding = 4; lastKnownFileType = sourcecode.c.objc; name = TipViewController.m; path = "The Helper/TipViewController.m"; sourceTree = "<group>"; };
		2290A4F616098C860063D30E /* constants.h */ = {isa = PBXFileReference; fileEncoding = 4; lastKnownFileType = sourcecode.c.h; path = constants.h; sourceTree = "<group>"; };
		2290A4F716098C860063D30E /* constants.m */ = {isa = PBXFileReference; fileEncoding = 4; lastKnownFileType = sourcecode.c.objc; path = constants.m; sourceTree = "<group>"; };
		2295DF641619648E0093809D /* Default.png */ = {isa = PBXFileReference; lastKnownFileType = image.png; path = Default.png; sourceTree = "<group>"; };
		2295DF67161964EF0093809D /* Default@2x.png */ = {isa = PBXFileReference; lastKnownFileType = image.png; path = "Default@2x.png"; sourceTree = "<group>"; };
		2295DF69161965220093809D /* Default-568h@2x.png */ = {isa = PBXFileReference; lastKnownFileType = image.png; path = "Default-568h@2x.png"; sourceTree = "<group>"; };
		22E68645160AE52600D706E8 /* background.jpg */ = {isa = PBXFileReference; lastKnownFileType = image.jpeg; name = background.jpg; path = "The Helper/background.jpg"; sourceTree = "<group>"; };
		22E68647160AE53A00D706E8 /* indian rupee black.gif */ = {isa = PBXFileReference; lastKnownFileType = image.gif; name = "indian rupee black.gif"; path = "The Helper/indian rupee black.gif"; sourceTree = "<group>"; };
		22E68649160AE54600D706E8 /* happysmiley.jpg */ = {isa = PBXFileReference; lastKnownFileType = image.jpeg; name = happysmiley.jpg; path = "The Helper/happysmiley.jpg"; sourceTree = "<group>"; };
		22E6864B160AE55100D706E8 /* sadsmiley.jpg */ = {isa = PBXFileReference; lastKnownFileType = image.jpeg; name = sadsmiley.jpg; path = "The Helper/sadsmiley.jpg"; sourceTree = "<group>"; };
/* End PBXFileReference section */

/* Begin PBXFrameworksBuildPhase section */
		2248FDF11601A061001E4718 /* Frameworks */ = {
			isa = PBXFrameworksBuildPhase;
			buildActionMask = 2147483647;
			files = (
				2248FDF91601A061001E4718 /* UIKit.framework in Frameworks */,
				2248FDFB1601A061001E4718 /* Foundation.framework in Frameworks */,
				2248FDFD1601A061001E4718 /* CoreGraphics.framework in Frameworks */,
			);
			runOnlyForDeploymentPostprocessing = 0;
		};
		2248FE1C1601A062001E4718 /* Frameworks */ = {
			isa = PBXFrameworksBuildPhase;
			buildActionMask = 2147483647;
			files = (
				2248FE221601A062001E4718 /* SenTestingKit.framework in Frameworks */,
				2248FE231601A062001E4718 /* UIKit.framework in Frameworks */,
				2248FE241601A062001E4718 /* Foundation.framework in Frameworks */,
			);
			runOnlyForDeploymentPostprocessing = 0;
		};
/* End PBXFrameworksBuildPhase section */

/* Begin PBXGroup section */
		2248FDE91601A061001E4718 = {
			isa = PBXGroup;
			children = (
				2248FDFE1601A061001E4718 /* The Helper */,
				22546F521626829300FCD8DF /* Images */,
				22546F50162681C600FCD8DF /* Emi */,
				22546F511626822700FCD8DF /* Tip */,
				2248FE271601A062001E4718 /* The HelperTests */,
				2248FDFF1601A061001E4718 /* Supporting Files */,
				2248FDF71601A061001E4718 /* Frameworks */,
				2248FDF51601A061001E4718 /* Products */,
			);
			sourceTree = "<group>";
		};
		2248FDF51601A061001E4718 /* Products */ = {
			isa = PBXGroup;
			children = (
				2248FDF41601A061001E4718 /* The Helper.app */,
				2248FE201601A062001E4718 /* The HelperTests.octest */,
			);
			name = Products;
			sourceTree = "<group>";
		};
		2248FDF71601A061001E4718 /* Frameworks */ = {
			isa = PBXGroup;
			children = (
				2248FDF81601A061001E4718 /* UIKit.framework */,
				2248FDFA1601A061001E4718 /* Foundation.framework */,
				2248FDFC1601A061001E4718 /* CoreGraphics.framework */,
				2248FE211601A062001E4718 /* SenTestingKit.framework */,
			);
			name = Frameworks;
			sourceTree = "<group>";
		};
		2248FDFE1601A061001E4718 /* The Helper */ = {
			isa = PBXGroup;
			children = (
				2290A4F616098C860063D30E /* constants.h */,
				2290A4F716098C860063D30E /* constants.m */,
				2248FE071601A061001E4718 /* TheHelperAppDelegate.h */,
				2248FE081601A061001E4718 /* TheHelperAppDelegate.m */,
				2248FE101601A061001E4718 /* first.png */,
				2207F50016243A2D00CFBBD2 /* MainStoryboard.storyboard */,
				2248FE121601A061001E4718 /* first@2x.png */,
				2248FE171601A061001E4718 /* second.png */,
				2248FE191601A061001E4718 /* second@2x.png */,
			);
			path = "The Helper";
			sourceTree = "<group>";
		};
		2248FDFF1601A061001E4718 /* Supporting Files */ = {
			isa = PBXGroup;
			children = (
				2248FE001601A061001E4718 /* The Helper-Info.plist */,
				2248FE011601A061001E4718 /* InfoPlist.strings */,
				2248FE041601A061001E4718 /* main.m */,
				2248FE061601A061001E4718 /* The Helper-Prefix.pch */,
			);
			name = "Supporting Files";
			path = "The Helper";
			sourceTree = "<group>";
		};
		2248FE271601A062001E4718 /* The HelperTests */ = {
			isa = PBXGroup;
			children = (
				2248FE2D1601A062001E4718 /* The_HelperTests.h */,
				2248FE2E1601A062001E4718 /* The_HelperTests.m */,
				2248FE281601A062001E4718 /* Supporting Files */,
			);
			path = "The HelperTests";
			sourceTree = "<group>";
		};
		2248FE281601A062001E4718 /* Supporting Files */ = {
			isa = PBXGroup;
			children = (
				2248FE291601A062001E4718 /* The HelperTests-Info.plist */,
				2248FE2A1601A062001E4718 /* InfoPlist.strings */,
			);
			name = "Supporting Files";
			sourceTree = "<group>";
		};
		22546F50162681C600FCD8DF /* Emi */ = {
			isa = PBXGroup;
			children = (
				22546F4C1626802F00FCD8DF /* EmiCalculatorClass.h */,
				22546F4D1626802F00FCD8DF /* EmiCalculatorClass.m */,
				2290A4F016098C0D0063D30E /* EmiViewController.h */,
				2290A4F116098C0D0063D30E /* EmiViewController.m */,
				2248FE3C1601B2CC001E4718 /* EmiResultViewController.h */,
				2248FE3D1601B2CC001E4718 /* EmiResultViewController.m */,
			);
			name = Emi;
			sourceTree = "<group>";
		};
		22546F511626822700FCD8DF /* Tip */ = {
			isa = PBXGroup;
			children = (
				2290A4F216098C0D0063D30E /* TipViewController.h */,
				2290A4F316098C0D0063D30E /* TipViewController.m */,
				2264FBF91601BACC00517600 /* TipResultViewController.h */,
				2264FBFA1601BACC00517600 /* TipResultViewController.m */,
			);
			name = Tip;
			sourceTree = "<group>";
		};
		22546F521626829300FCD8DF /* Images */ = {
			isa = PBXGroup;
			children = (
				22E6864B160AE55100D706E8 /* sadsmiley.jpg */,
				22E68649160AE54600D706E8 /* happysmiley.jpg */,
				228A51F816252DB300DE89AF /* Default-Portrait~ipad.png */,
				228A51F616252D5A00DE89AF /* icon 144x144.png */,
				228A51F416252C1600DE89AF /* calculator.png */,
				2295DF69161965220093809D /* Default-568h@2x.png */,
				2295DF67161964EF0093809D /* Default@2x.png */,
				2295DF641619648E0093809D /* Default.png */,
				222342751615779E00978AF5 /* smileyBackground.jpg */,
				22345E7016147FD700CC12FD /* icon_114x114_trans.png */,
				22345E6E16147FD000CC12FD /* 2730-57x57x32.png */,
				22E68647160AE53A00D706E8 /* indian rupee black.gif */,
				22E68645160AE52600D706E8 /* background.jpg */,
				228F33D2161452C900CDA184 /* 119-piggy-bank.png */,
				228F33D0161452AF00CDA184 /* 192-credit-card.png */,
			);
			name = Images;
			sourceTree = "<group>";
		};
/* End PBXGroup section */

/* Begin PBXNativeTarget section */
		2248FDF31601A061001E4718 /* The Helper */ = {
			isa = PBXNativeTarget;
			buildConfigurationList = 2248FE321601A062001E4718 /* Build configuration list for PBXNativeTarget "The Helper" */;
			buildPhases = (
				2248FDF01601A061001E4718 /* Sources */,
				2248FDF11601A061001E4718 /* Frameworks */,
				2248FDF21601A061001E4718 /* Resources */,
			);
			buildRules = (
			);
			dependencies = (
			);
			name = "The Helper";
			productName = "The Helper";
			productReference = 2248FDF41601A061001E4718 /* The Helper.app */;
			productType = "com.apple.product-type.application";
		};
		2248FE1F1601A062001E4718 /* The HelperTests */ = {
			isa = PBXNativeTarget;
			buildConfigurationList = 2248FE351601A062001E4718 /* Build configuration list for PBXNativeTarget "The HelperTests" */;
			buildPhases = (
				2248FE1B1601A062001E4718 /* Sources */,
				2248FE1C1601A062001E4718 /* Frameworks */,
				2248FE1D1601A062001E4718 /* Resources */,
				2248FE1E1601A062001E4718 /* ShellScript */,
			);
			buildRules = (
			);
			dependencies = (
				2248FE261601A062001E4718 /* PBXTargetDependency */,
			);
			name = "The HelperTests";
			productName = "The HelperTests";
			productReference = 2248FE201601A062001E4718 /* The HelperTests.octest */;
			productType = "com.apple.product-type.bundle";
		};
/* End PBXNativeTarget section */

/* Begin PBXProject section */
		2248FDEB1601A061001E4718 /* Project object */ = {
			isa = PBXProject;
			attributes = {
				CLASSPREFIX = TheHelper;
				LastUpgradeCheck = 0430;
			};
			buildConfigurationList = 2248FDEE1601A061001E4718 /* Build configuration list for PBXProject "The Helper" */;
			compatibilityVersion = "Xcode 3.2";
			developmentRegion = English;
			hasScannedForEncodings = 0;
			knownRegions = (
				en,
			);
			mainGroup = 2248FDE91601A061001E4718;
			productRefGroup = 2248FDF51601A061001E4718 /* Products */;
			projectDirPath = "";
			projectRoot = "";
			targets = (
				2248FDF31601A061001E4718 /* The Helper */,
				2248FE1F1601A062001E4718 /* The HelperTests */,
			);
		};
/* End PBXProject section */

/* Begin PBXResourcesBuildPhase section */
		2248FDF21601A061001E4718 /* Resources */ = {
			isa = PBXResourcesBuildPhase;
			buildActionMask = 2147483647;
			files = (
				2248FE031601A061001E4718 /* InfoPlist.strings in Resources */,
				2248FE111601A061001E4718 /* first.png in Resources */,
				2248FE131601A061001E4718 /* first@2x.png in Resources */,
				2248FE181601A061001E4718 /* second.png in Resources */,
				2248FE1A1601A061001E4718 /* second@2x.png in Resources */,
				22E68646160AE52600D706E8 /* background.jpg in Resources */,
				22E68648160AE53A00D706E8 /* indian rupee black.gif in Resources */,
				22E6864A160AE54600D706E8 /* happysmiley.jpg in Resources */,
				22E6864C160AE55100D706E8 /* sadsmiley.jpg in Resources */,
				228F33D1161452AF00CDA184 /* 192-credit-card.png in Resources */,
				228F33D3161452C900CDA184 /* 119-piggy-bank.png in Resources */,
				22345E6F16147FD000CC12FD /* 2730-57x57x32.png in Resources */,
				22345E7116147FD700CC12FD /* icon_114x114_trans.png in Resources */,
				222342761615779E00978AF5 /* smileyBackground.jpg in Resources */,
				2295DF651619648E0093809D /* Default.png in Resources */,
				2295DF68161964EF0093809D /* Default@2x.png in Resources */,
				2295DF6A161965220093809D /* Default-568h@2x.png in Resources */,
				2207F50216243A2D00CFBBD2 /* MainStoryboard.storyboard in Resources */,
				228A51F516252C1600DE89AF /* calculator.png in Resources */,
				228A51F716252D5A00DE89AF /* icon 144x144.png in Resources */,
				228A51F916252DB300DE89AF /* Default-Portrait~ipad.png in Resources */,
			);
			runOnlyForDeploymentPostprocessing = 0;
		};
		2248FE1D1601A062001E4718 /* Resources */ = {
			isa = PBXResourcesBuildPhase;
			buildActionMask = 2147483647;
			files = (
				2248FE2C1601A062001E4718 /* InfoPlist.strings in Resources */,
			);
			runOnlyForDeploymentPostprocessing = 0;
		};
/* End PBXResourcesBuildPhase section */

/* Begin PBXShellScriptBuildPhase section */
		2248FE1E1601A062001E4718 /* ShellScript */ = {
			isa = PBXShellScriptBuildPhase;
			buildActionMask = 2147483647;
			files = (
			);
			inputPaths = (
			);
			outputPaths = (
			);
			runOnlyForDeploymentPostprocessing = 0;
			shellPath = /bin/sh;
			shellScript = "# Run the unit tests in this test bundle.\n\"${SYSTEM_DEVELOPER_DIR}/Tools/RunUnitTests\"\n";
		};
/* End PBXShellScriptBuildPhase section */

/* Begin PBXSourcesBuildPhase section */
		2248FDF01601A061001E4718 /* Sources */ = {
			isa = PBXSourcesBuildPhase;
			buildActionMask = 2147483647;
			files = (
				2248FE051601A061001E4718 /* main.m in Sources */,
				2248FE091601A061001E4718 /* TheHelperAppDelegate.m in Sources */,
				2248FE3E1601B2CC001E4718 /* EmiResultViewController.m in Sources */,
				2264FBFB1601BACC00517600 /* TipResultViewController.m in Sources */,
				2290A4F416098C0D0063D30E /* EmiViewController.m in Sources */,
				2290A4F516098C0D0063D30E /* TipViewController.m in Sources */,
				2290A4FA16098C860063D30E /* constants.m in Sources */,
				22546F4E1626802F00FCD8DF /* EmiCalculatorClass.m in Sources */,
			);
			runOnlyForDeploymentPostprocessing = 0;
		};
		2248FE1B1601A062001E4718 /* Sources */ = {
			isa = PBXSourcesBuildPhase;
			buildActionMask = 2147483647;
			files = (
				2248FE2F1601A062001E4718 /* The_HelperTests.m in Sources */,
			);
			runOnlyForDeploymentPostprocessing = 0;
		};
/* End PBXSourcesBuildPhase section */

/* Begin PBXTargetDependency section */
		2248FE261601A062001E4718 /* PBXTargetDependency */ = {
			isa = PBXTargetDependency;
			target = 2248FDF31601A061001E4718 /* The Helper */;
			targetProxy = 2248FE251601A062001E4718 /* PBXContainerItemProxy */;
		};
/* End PBXTargetDependency section */

/* Begin PBXVariantGroup section */
		2207F50016243A2D00CFBBD2 /* MainStoryboard.storyboard */ = {
			isa = PBXVariantGroup;
			children = (
				2207F50116243A2D00CFBBD2 /* en */,
			);
			name = MainStoryboard.storyboard;
			path = ..;
			sourceTree = "<group>";
		};
		2248FE011601A061001E4718 /* InfoPlist.strings */ = {
			isa = PBXVariantGroup;
			children = (
				2248FE021601A061001E4718 /* en */,
			);
			name = InfoPlist.strings;
			sourceTree = "<group>";
		};
		2248FE2A1601A062001E4718 /* InfoPlist.strings */ = {
			isa = PBXVariantGroup;
			children = (
				2248FE2B1601A062001E4718 /* en */,
			);
			name = InfoPlist.strings;
			sourceTree = "<group>";
		};
/* End PBXVariantGroup section */

/* Begin XCBuildConfiguration section */
		2248FE301601A062001E4718 /* Debug */ = {
			isa = XCBuildConfiguration;
			buildSettings = {
				ALWAYS_SEARCH_USER_PATHS = NO;
				ARCHS = "$(ARCHS_STANDARD_32_BIT)";
				CLANG_ENABLE_OBJC_ARC = YES;
				"CODE_SIGN_IDENTITY[sdk=iphoneos*]" = "iPhone Developer";
				COPY_PHASE_STRIP = NO;
				GCC_C_LANGUAGE_STANDARD = gnu99;
				GCC_DYNAMIC_NO_PIC = NO;
				GCC_OPTIMIZATION_LEVEL = 0;
				GCC_PREPROCESSOR_DEFINITIONS = (
					"DEBUG=1",
					"$(inherited)",
				);
				GCC_SYMBOLS_PRIVATE_EXTERN = NO;
				GCC_VERSION = com.apple.compilers.llvm.clang.1_0;
				GCC_WARN_ABOUT_RETURN_TYPE = YES;
				GCC_WARN_UNINITIALIZED_AUTOS = YES;
				GCC_WARN_UNUSED_VARIABLE = YES;
				IPHONEOS_DEPLOYMENT_TARGET = 5.1;
				SDKROOT = iphoneos;
			};
			name = Debug;
		};
		2248FE311601A062001E4718 /* Release */ = {
			isa = XCBuildConfiguration;
			buildSettings = {
				ALWAYS_SEARCH_USER_PATHS = NO;
				ARCHS = "$(ARCHS_STANDARD_32_BIT)";
				CLANG_ENABLE_OBJC_ARC = YES;
				"CODE_SIGN_IDENTITY[sdk=iphoneos*]" = "iPhone Developer";
				COPY_PHASE_STRIP = YES;
				GCC_C_LANGUAGE_STANDARD = gnu99;
				GCC_VERSION = com.apple.compilers.llvm.clang.1_0;
				GCC_WARN_ABOUT_RETURN_TYPE = YES;
				GCC_WARN_UNINITIALIZED_AUTOS = YES;
				GCC_WARN_UNUSED_VARIABLE = YES;
				IPHONEOS_DEPLOYMENT_TARGET = 5.1;
				OTHER_CFLAGS = "-DNS_BLOCK_ASSERTIONS=1";
				SDKROOT = iphoneos;
				VALIDATE_PRODUCT = YES;
			};
			name = Release;
		};
		2248FE331601A062001E4718 /* Debug */ = {
			isa = XCBuildConfiguration;
			buildSettings = {
				FRAMEWORK_SEARCH_PATHS = (
					"$(inherited)",
					"\"$(SYSTEM_APPS_DIR)/Xcode.app/Contents/Developer/Library/Frameworks\"",
				);
				GCC_PRECOMPILE_PREFIX_HEADER = YES;
				GCC_PREFIX_HEADER = "The Helper/The Helper-Prefix.pch";
				INFOPLIST_FILE = "The Helper/The Helper-Info.plist";
				IPHONEOS_DEPLOYMENT_TARGET = 6.0;
				PRODUCT_NAME = "$(TARGET_NAME)";
				TARGETED_DEVICE_FAMILY = 1;
				WRAPPER_EXTENSION = app;
			};
			name = Debug;
		};
		2248FE341601A062001E4718 /* Release */ = {
			isa = XCBuildConfiguration;
			buildSettings = {
				FRAMEWORK_SEARCH_PATHS = (
					"$(inherited)",
					"\"$(SYSTEM_APPS_DIR)/Xcode.app/Contents/Developer/Library/Frameworks\"",
				);
				GCC_PRECOMPILE_PREFIX_HEADER = YES;
				GCC_PREFIX_HEADER = "The Helper/The Helper-Prefix.pch";
				INFOPLIST_FILE = "The Helper/The Helper-Info.plist";
				IPHONEOS_DEPLOYMENT_TARGET = 6.0;
				PRODUCT_NAME = "$(TARGET_NAME)";
				TARGETED_DEVICE_FAMILY = 1;
				WRAPPER_EXTENSION = app;
			};
			name = Release;
		};
		2248FE361601A062001E4718 /* Debug */ = {
			isa = XCBuildConfiguration;
			buildSettings = {
				BUNDLE_LOADER = "$(BUILT_PRODUCTS_DIR)/The Helper.app/The Helper";
				FRAMEWORK_SEARCH_PATHS = (
					"$(SDKROOT)/Developer/Library/Frameworks",
					"$(DEVELOPER_LIBRARY_DIR)/Frameworks",
				);
				GCC_PRECOMPILE_PREFIX_HEADER = YES;
				GCC_PREFIX_HEADER = "The Helper/The Helper-Prefix.pch";
				INFOPLIST_FILE = "The HelperTests/The HelperTests-Info.plist";
				PRODUCT_NAME = "$(TARGET_NAME)";
				TEST_HOST = "$(BUNDLE_LOADER)";
				WRAPPER_EXTENSION = octest;
			};
			name = Debug;
		};
		2248FE371601A062001E4718 /* Release */ = {
			isa = XCBuildConfiguration;
			buildSettings = {
				BUNDLE_LOADER = "$(BUILT_PRODUCTS_DIR)/The Helper.app/The Helper";
				FRAMEWORK_SEARCH_PATHS = (
					"$(SDKROOT)/Developer/Library/Frameworks",
					"$(DEVELOPER_LIBRARY_DIR)/Frameworks",
				);
				GCC_PRECOMPILE_PREFIX_HEADER = YES;
				GCC_PREFIX_HEADER = "The Helper/The Helper-Prefix.pch";
				INFOPLIST_FILE = "The HelperTests/The HelperTests-Info.plist";
				PRODUCT_NAME = "$(TARGET_NAME)";
				TEST_HOST = "$(BUNDLE_LOADER)";
				WRAPPER_EXTENSION = octest;
			};
			name = Release;
		};
/* End XCBuildConfiguration section */

/* Begin XCConfigurationList section */
		2248FDEE1601A061001E4718 /* Build configuration list for PBXProject "The Helper" */ = {
			isa = XCConfigurationList;
			buildConfigurations = (
				2248FE301601A062001E4718 /* Debug */,
				2248FE311601A062001E4718 /* Release */,
			);
			defaultConfigurationIsVisible = 0;
			defaultConfigurationName = Release;
		};
		2248FE321601A062001E4718 /* Build configuration list for PBXNativeTarget "The Helper" */ = {
			isa = XCConfigurationList;
			buildConfigurations = (
				2248FE331601A062001E4718 /* Debug */,
				2248FE341601A062001E4718 /* Release */,
			);
			defaultConfigurationIsVisible = 0;
			defaultConfigurationName = Release;
		};
		2248FE351601A062001E4718 /* Build configuration list for PBXNativeTarget "The HelperTests" */ = {
			isa = XCConfigurationList;
			buildConfigurations = (
				2248FE361601A062001E4718 /* Debug */,
				2248FE371601A062001E4718 /* Release */,
			);
			defaultConfigurationIsVisible = 0;
			defaultConfigurationName = Release;
		};
/* End XCConfigurationList section */
	};
	rootObject = 2248FDEB1601A061001E4718 /* Project object */;
}
